
Microsoft Visual Studio Solution File, Format Version 12.00
# Visual Studio Version 17
VisualStudioVersion = 17.1.32421.90
MinimumVisualStudioVersion = 10.0.40219.1
Project("{8BC9CEB8-8B4A-11D0-8D11-00A0C91BC942}") = "ASD02", "ASD02\ASD02.vcxproj", "{BA14E3F6-8B06-42EB-A488-B70C5EA88007}"
EndProject
Project("{8BC9CEB8-8B4A-11D0-8D11-00A0C91BC942}") = "ASD03", "ASD03\ASD03.vcxproj", "{D1AEA8B7-4EBA-4E32-AEAF-A4AEC5473940}"
EndProject
Project("{8BC9CEB8-8B4A-11D0-8D11-00A0C91BC942}") = "ASD03(2)", "ASD03(2)\ASD03(2).vcxproj", "{C9B2F128-49E8-420A-9DEE-ADDE252905BD}"
EndProject
Project("{8BC9CEB8-8B4A-11D0-8D11-00A0C91BC942}") = "ASD03(3)", "ASD02(3)\ASD02(3).vcxproj", "{325CC04A-06F6-4618-A625-9F842A360DCD}"
EndProject
Project("{8BC9CEB8-8B4A-11D0-8D11-00A0C91BC942}") = "ASD01", "ASD01\ASD01.vcxproj", "{5578A5FC-9496-480F-9A0B-54078A844A13}"
EndProject
Project("{8BC9CEB8-8B4A-11D0-8D11-00A0C91BC942}") = "ASD04", "ASD04\ASD04.vcxproj", "{D642F5E4-7AFA-45F5-AE87-B55F02D2DCE2}"
EndProject
Project("{8BC9CEB8-8B4A-11D0-8D11-00A0C91BC942}") = "ASD04(2)", "ASD04(2)\ASD04(2).vcxproj", "{5A8ED97E-700D-49F2-96D5-4E193C6C89C4}"
EndProject
Project("{8BC9CEB8-8B4A-11D0-8D11-00A0C91BC942}") = "ASD05", "ASD05\ASD05.vcxproj", "{D85FC464-3C57-4858-A95C-65D88E7EF587}"
EndProject
Project("{8BC9CEB8-8B4A-11D0-8D11-00A0C91BC942}") = "ASD05(2)", "ASD05(2)\ASD05(2).vcxproj", "{6CCC5972-D537-4366-96A3-55E66E7278A0}"
EndProject
Project("{8BC9CEB8-8B4A-11D0-8D11-00A0C91BC942}") = "ASD05(3)", "ASD05(3)\ASD05(3).vcxproj", "{B67EABCD-1C71-4D77-92BD-A2812F7BB198}"
EndProject
Project("{8BC9CEB8-8B4A-11D0-8D11-00A0C91BC942}") = "ASD06", "ASD06\ASD06.vcxproj", "{EB798373-5970-4702-80BA-F7D5CA1C242E}"
EndProject
Project("{8BC9CEB8-8B4A-11D0-8D11-00A0C91BC942}") = "ASD06(2)", "ASD06(2)\ASD06(2).vcxproj", "{E05EE334-3527-499F-9076-CD847AAB9366}"
EndProject
Project("{8BC9CEB8-8B4A-11D0-8D11-00A0C91BC942}") = "ASD06(3)", "ASD06(3)\ASD06(3).vcxproj", "{0DD3C653-8CC5-4778-8928-BEE0AA51AC9F}"
EndProject
Project("{FAE04EC0-301F-11D3-BF4B-00C04F79EFBC}") = "ASD07-08", "ASD07-08\ASD07-08.csproj", "{013FDED0-6126-48A7-87A1-2675B0E8304F}"
EndProject
Global
	GlobalSection(SolutionConfigurationPlatforms) = preSolution
		Debug|Any CPU = Debug|Any CPU
		Debug|x64 = Debug|x64
		Debug|x86 = Debug|x86
		Release|Any CPU = Release|Any CPU
		Release|x64 = Release|x64
		Release|x86 = Release|x86
	EndGlobalSection
	GlobalSection(ProjectConfigurationPlatforms) = postSolution
		{BA14E3F6-8B06-42EB-A488-B70C5EA88007}.Debug|Any CPU.ActiveCfg = Debug|x64
		{BA14E3F6-8B06-42EB-A488-B70C5EA88007}.Debug|Any CPU.Build.0 = Debug|x64
		{BA14E3F6-8B06-42EB-A488-B70C5EA88007}.Debug|x64.ActiveCfg = Debug|x64
		{BA14E3F6-8B06-42EB-A488-B70C5EA88007}.Debug|x64.Build.0 = Debug|x64
		{BA14E3F6-8B06-42EB-A488-B70C5EA88007}.Debug|x86.ActiveCfg = Debug|Win32
		{BA14E3F6-8B06-42EB-A488-B70C5EA88007}.Debug|x86.Build.0 = Debug|Win32
		{BA14E3F6-8B06-42EB-A488-B70C5EA88007}.Release|Any CPU.ActiveCfg = Release|x64
		{BA14E3F6-8B06-42EB-A488-B70C5EA88007}.Release|Any CPU.Build.0 = Release|x64
		{BA14E3F6-8B06-42EB-A488-B70C5EA88007}.Release|x64.ActiveCfg = Release|x64
		{BA14E3F6-8B06-42EB-A488-B70C5EA88007}.Release|x64.Build.0 = Release|x64
		{BA14E3F6-8B06-42EB-A488-B70C5EA88007}.Release|x86.ActiveCfg = Release|Win32
		{BA14E3F6-8B06-42EB-A488-B70C5EA88007}.Release|x86.Build.0 = Release|Win32
		{D1AEA8B7-4EBA-4E32-AEAF-A4AEC5473940}.Debug|Any CPU.ActiveCfg = Debug|x64
		{D1AEA8B7-4EBA-4E32-AEAF-A4AEC5473940}.Debug|Any CPU.Build.0 = Debug|x64
		{D1AEA8B7-4EBA-4E32-AEAF-A4AEC5473940}.Debug|x64.ActiveCfg = Debug|x64
		{D1AEA8B7-4EBA-4E32-AEAF-A4AEC5473940}.Debug|x64.Build.0 = Debug|x64
		{D1AEA8B7-4EBA-4E32-AEAF-A4AEC5473940}.Debug|x86.ActiveCfg = Debug|Win32
		{D1AEA8B7-4EBA-4E32-AEAF-A4AEC5473940}.Debug|x86.Build.0 = Debug|Win32
		{D1AEA8B7-4EBA-4E32-AEAF-A4AEC5473940}.Release|Any CPU.ActiveCfg = Release|x64
		{D1AEA8B7-4EBA-4E32-AEAF-A4AEC5473940}.Release|Any CPU.Build.0 = Release|x64
		{D1AEA8B7-4EBA-4E32-AEAF-A4AEC5473940}.Release|x64.ActiveCfg = Release|x64
		{D1AEA8B7-4EBA-4E32-AEAF-A4AEC5473940}.Release|x64.Build.0 = Release|x64
		{D1AEA8B7-4EBA-4E32-AEAF-A4AEC5473940}.Release|x86.ActiveCfg = Release|Win32
		{D1AEA8B7-4EBA-4E32-AEAF-A4AEC5473940}.Release|x86.Build.0 = Release|Win32
		{C9B2F128-49E8-420A-9DEE-ADDE252905BD}.Debug|Any CPU.ActiveCfg = Debug|x64
		{C9B2F128-49E8-420A-9DEE-ADDE252905BD}.Debug|Any CPU.Build.0 = Debug|x64
		{C9B2F128-49E8-420A-9DEE-ADDE252905BD}.Debug|x64.ActiveCfg = Debug|x64
		{C9B2F128-49E8-420A-9DEE-ADDE252905BD}.Debug|x64.Build.0 = Debug|x64
		{C9B2F128-49E8-420A-9DEE-ADDE252905BD}.Debug|x86.ActiveCfg = Debug|Win32
		{C9B2F128-49E8-420A-9DEE-ADDE252905BD}.Debug|x86.Build.0 = Debug|Win32
		{C9B2F128-49E8-420A-9DEE-ADDE252905BD}.Release|Any CPU.ActiveCfg = Release|x64
		{C9B2F128-49E8-420A-9DEE-ADDE252905BD}.Release|Any CPU.Build.0 = Release|x64
		{C9B2F128-49E8-420A-9DEE-ADDE252905BD}.Release|x64.ActiveCfg = Release|x64
		{C9B2F128-49E8-420A-9DEE-ADDE252905BD}.Release|x64.Build.0 = Release|x64
		{C9B2F128-49E8-420A-9DEE-ADDE252905BD}.Release|x86.ActiveCfg = Release|Win32
		{C9B2F128-49E8-420A-9DEE-ADDE252905BD}.Release|x86.Build.0 = Release|Win32
		{325CC04A-06F6-4618-A625-9F842A360DCD}.Debug|Any CPU.ActiveCfg = Debug|x64
		{325CC04A-06F6-4618-A625-9F842A360DCD}.Debug|Any CPU.Build.0 = Debug|x64
		{325CC04A-06F6-4618-A625-9F842A360DCD}.Debug|x64.ActiveCfg = Debug|x64
		{325CC04A-06F6-4618-A625-9F842A360DCD}.Debug|x64.Build.0 = Debug|x64
		{325CC04A-06F6-4618-A625-9F842A360DCD}.Debug|x86.ActiveCfg = Debug|Win32
		{325CC04A-06F6-4618-A625-9F842A360DCD}.Debug|x86.Build.0 = Debug|Win32
		{325CC04A-06F6-4618-A625-9F842A360DCD}.Release|Any CPU.ActiveCfg = Release|x64
		{325CC04A-06F6-4618-A625-9F842A360DCD}.Release|Any CPU.Build.0 = Release|x64
		{325CC04A-06F6-4618-A625-9F842A360DCD}.Release|x64.ActiveCfg = Release|x64
		{325CC04A-06F6-4618-A625-9F842A360DCD}.Release|x64.Build.0 = Release|x64
		{325CC04A-06F6-4618-A625-9F842A360DCD}.Release|x86.ActiveCfg = Release|Win32
		{325CC04A-06F6-4618-A625-9F842A360DCD}.Release|x86.Build.0 = Release|Win32
		{5578A5FC-9496-480F-9A0B-54078A844A13}.Debug|Any CPU.ActiveCfg = Debug|x64
		{5578A5FC-9496-480F-9A0B-54078A844A13}.Debug|Any CPU.Build.0 = Debug|x64
		{5578A5FC-9496-480F-9A0B-54078A844A13}.Debug|x64.ActiveCfg = Debug|x64
		{5578A5FC-9496-480F-9A0B-54078A844A13}.Debug|x64.Build.0 = Debug|x64
		{5578A5FC-9496-480F-9A0B-54078A844A13}.Debug|x86.ActiveCfg = Debug|Win32
		{5578A5FC-9496-480F-9A0B-54078A844A13}.Debug|x86.Build.0 = Debug|Win32
		{5578A5FC-9496-480F-9A0B-54078A844A13}.Release|Any CPU.ActiveCfg = Release|x64
		{5578A5FC-9496-480F-9A0B-54078A844A13}.Release|Any CPU.Build.0 = Release|x64
		{5578A5FC-9496-480F-9A0B-54078A844A13}.Release|x64.ActiveCfg = Release|x64
		{5578A5FC-9496-480F-9A0B-54078A844A13}.Release|x64.Build.0 = Release|x64
		{5578A5FC-9496-480F-9A0B-54078A844A13}.Release|x86.ActiveCfg = Release|Win32
		{5578A5FC-9496-480F-9A0B-54078A844A13}.Release|x86.Build.0 = Release|Win32
		{D642F5E4-7AFA-45F5-AE87-B55F02D2DCE2}.Debug|Any CPU.ActiveCfg = Debug|x64
		{D642F5E4-7AFA-45F5-AE87-B55F02D2DCE2}.Debug|Any CPU.Build.0 = Debug|x64
		{D642F5E4-7AFA-45F5-AE87-B55F02D2DCE2}.Debug|x64.ActiveCfg = Debug|x64
		{D642F5E4-7AFA-45F5-AE87-B55F02D2DCE2}.Debug|x64.Build.0 = Debug|x64
		{D642F5E4-7AFA-45F5-AE87-B55F02D2DCE2}.Debug|x86.ActiveCfg = Debug|Win32
		{D642F5E4-7AFA-45F5-AE87-B55F02D2DCE2}.Debug|x86.Build.0 = Debug|Win32
		{D642F5E4-7AFA-45F5-AE87-B55F02D2DCE2}.Release|Any CPU.ActiveCfg = Release|x64
		{D642F5E4-7AFA-45F5-AE87-B55F02D2DCE2}.Release|Any CPU.Build.0 = Release|x64
		{D642F5E4-7AFA-45F5-AE87-B55F02D2DCE2}.Release|x64.ActiveCfg = Release|x64
		{D642F5E4-7AFA-45F5-AE87-B55F02D2DCE2}.Release|x64.Build.0 = Release|x64
		{D642F5E4-7AFA-45F5-AE87-B55F02D2DCE2}.Release|x86.ActiveCfg = Release|Win32
		{D642F5E4-7AFA-45F5-AE87-B55F02D2DCE2}.Release|x86.Build.0 = Release|Win32
		{5A8ED97E-700D-49F2-96D5-4E193C6C89C4}.Debug|Any CPU.ActiveCfg = Debug|x64
		{5A8ED97E-700D-49F2-96D5-4E193C6C89C4}.Debug|Any CPU.Build.0 = Debug|x64
		{5A8ED97E-700D-49F2-96D5-4E193C6C89C4}.Debug|x64.ActiveCfg = Debug|x64
		{5A8ED97E-700D-49F2-96D5-4E193C6C89C4}.Debug|x64.Build.0 = Debug|x64
		{5A8ED97E-700D-49F2-96D5-4E193C6C89C4}.Debug|x86.ActiveCfg = Debug|Win32
		{5A8ED97E-700D-49F2-96D5-4E193C6C89C4}.Debug|x86.Build.0 = Debug|Win32
		{5A8ED97E-700D-49F2-96D5-4E193C6C89C4}.Release|Any CPU.ActiveCfg = Release|x64
		{5A8ED97E-700D-49F2-96D5-4E193C6C89C4}.Release|Any CPU.Build.0 = Release|x64
		{5A8ED97E-700D-49F2-96D5-4E193C6C89C4}.Release|x64.ActiveCfg = Release|x64
		{5A8ED97E-700D-49F2-96D5-4E193C6C89C4}.Release|x64.Build.0 = Release|x64
		{5A8ED97E-700D-49F2-96D5-4E193C6C89C4}.Release|x86.ActiveCfg = Release|Win32
		{5A8ED97E-700D-49F2-96D5-4E193C6C89C4}.Release|x86.Build.0 = Release|Win32
		{D85FC464-3C57-4858-A95C-65D88E7EF587}.Debug|Any CPU.ActiveCfg = Debug|x64
		{D85FC464-3C57-4858-A95C-65D88E7EF587}.Debug|Any CPU.Build.0 = Debug|x64
		{D85FC464-3C57-4858-A95C-65D88E7EF587}.Debug|x64.ActiveCfg = Debug|x64
		{D85FC464-3C57-4858-A95C-65D88E7EF587}.Debug|x64.Build.0 = Debug|x64
		{D85FC464-3C57-4858-A95C-65D88E7EF587}.Debug|x86.ActiveCfg = Debug|Win32
		{D85FC464-3C57-4858-A95C-65D88E7EF587}.Debug|x86.Build.0 = Debug|Win32
		{D85FC464-3C57-4858-A95C-65D88E7EF587}.Release|Any CPU.ActiveCfg = Release|x64
		{D85FC464-3C57-4858-A95C-65D88E7EF587}.Release|Any CPU.Build.0 = Release|x64
		{D85FC464-3C57-4858-A95C-65D88E7EF587}.Release|x64.ActiveCfg = Release|x64
		{D85FC464-3C57-4858-A95C-65D88E7EF587}.Release|x64.Build.0 = Release|x64
		{D85FC464-3C57-4858-A95C-65D88E7EF587}.Release|x86.ActiveCfg = Release|Win32
		{D85FC464-3C57-4858-A95C-65D88E7EF587}.Release|x86.Build.0 = Release|Win32
		{6CCC5972-D537-4366-96A3-55E66E7278A0}.Debug|Any CPU.ActiveCfg = Debug|x64
		{6CCC5972-D537-4366-96A3-55E66E7278A0}.Debug|Any CPU.Build.0 = Debug|x64
		{6CCC5972-D537-4366-96A3-55E66E7278A0}.Debug|x64.ActiveCfg = Debug|x64
		{6CCC5972-D537-4366-96A3-55E66E7278A0}.Debug|x64.Build.0 = Debug|x64
		{6CCC5972-D537-4366-96A3-55E66E7278A0}.Debug|x86.ActiveCfg = Debug|Win32
		{6CCC5972-D537-4366-96A3-55E66E7278A0}.Debug|x86.Build.0 = Debug|Win32
		{6CCC5972-D537-4366-96A3-55E66E7278A0}.Release|Any CPU.ActiveCfg = Release|x64
		{6CCC5972-D537-4366-96A3-55E66E7278A0}.Release|Any CPU.Build.0 = Release|x64
		{6CCC5972-D537-4366-96A3-55E66E7278A0}.Release|x64.ActiveCfg = Release|x64
		{6CCC5972-D537-4366-96A3-55E66E7278A0}.Release|x64.Build.0 = Release|x64
		{6CCC5972-D537-4366-96A3-55E66E7278A0}.Release|x86.ActiveCfg = Release|Win32
		{6CCC5972-D537-4366-96A3-55E66E7278A0}.Release|x86.Build.0 = Release|Win32
		{B67EABCD-1C71-4D77-92BD-A2812F7BB198}.Debug|Any CPU.ActiveCfg = Debug|x64
		{B67EABCD-1C71-4D77-92BD-A2812F7BB198}.Debug|Any CPU.Build.0 = Debug|x64
		{B67EABCD-1C71-4D77-92BD-A2812F7BB198}.Debug|x64.ActiveCfg = Debug|x64
		{B67EABCD-1C71-4D77-92BD-A2812F7BB198}.Debug|x64.Build.0 = Debug|x64
		{B67EABCD-1C71-4D77-92BD-A2812F7BB198}.Debug|x86.ActiveCfg = Debug|Win32
		{B67EABCD-1C71-4D77-92BD-A2812F7BB198}.Debug|x86.Build.0 = Debug|Win32
		{B67EABCD-1C71-4D77-92BD-A2812F7BB198}.Release|Any CPU.ActiveCfg = Release|x64
		{B67EABCD-1C71-4D77-92BD-A2812F7BB198}.Release|Any CPU.Build.0 = Release|x64
		{B67EABCD-1C71-4D77-92BD-A2812F7BB198}.Release|x64.ActiveCfg = Release|x64
		{B67EABCD-1C71-4D77-92BD-A2812F7BB198}.Release|x64.Build.0 = Release|x64
		{B67EABCD-1C71-4D77-92BD-A2812F7BB198}.Release|x86.ActiveCfg = Release|Win32
		{B67EABCD-1C71-4D77-92BD-A2812F7BB198}.Release|x86.Build.0 = Release|Win32
		{EB798373-5970-4702-80BA-F7D5CA1C242E}.Debug|Any CPU.ActiveCfg = Debug|x64
		{EB798373-5970-4702-80BA-F7D5CA1C242E}.Debug|Any CPU.Build.0 = Debug|x64
		{EB798373-5970-4702-80BA-F7D5CA1C242E}.Debug|x64.ActiveCfg = Debug|x64
		{EB798373-5970-4702-80BA-F7D5CA1C242E}.Debug|x64.Build.0 = Debug|x64
		{EB798373-5970-4702-80BA-F7D5CA1C242E}.Debug|x86.ActiveCfg = Debug|Win32
		{EB798373-5970-4702-80BA-F7D5CA1C242E}.Debug|x86.Build.0 = Debug|Win32
		{EB798373-5970-4702-80BA-F7D5CA1C242E}.Release|Any CPU.ActiveCfg = Release|x64
		{EB798373-5970-4702-80BA-F7D5CA1C242E}.Release|Any CPU.Build.0 = Release|x64
		{EB798373-5970-4702-80BA-F7D5CA1C242E}.Release|x64.ActiveCfg = Release|x64
		{EB798373-5970-4702-80BA-F7D5CA1C242E}.Release|x64.Build.0 = Release|x64
		{EB798373-5970-4702-80BA-F7D5CA1C242E}.Release|x86.ActiveCfg = Release|Win32
		{EB798373-5970-4702-80BA-F7D5CA1C242E}.Release|x86.Build.0 = Release|Win32
		{E05EE334-3527-499F-9076-CD847AAB9366}.Debug|Any CPU.ActiveCfg = Debug|x64
		{E05EE334-3527-499F-9076-CD847AAB9366}.Debug|Any CPU.Build.0 = Debug|x64
		{E05EE334-3527-499F-9076-CD847AAB9366}.Debug|x64.ActiveCfg = Debug|x64
		{E05EE334-3527-499F-9076-CD847AAB9366}.Debug|x64.Build.0 = Debug|x64
		{E05EE334-3527-499F-9076-CD847AAB9366}.Debug|x86.ActiveCfg = Debug|Win32
		{E05EE334-3527-499F-9076-CD847AAB9366}.Debug|x86.Build.0 = Debug|Win32
		{E05EE334-3527-499F-9076-CD847AAB9366}.Release|Any CPU.ActiveCfg = Release|x64
		{E05EE334-3527-499F-9076-CD847AAB9366}.Release|Any CPU.Build.0 = Release|x64
		{E05EE334-3527-499F-9076-CD847AAB9366}.Release|x64.ActiveCfg = Release|x64
		{E05EE334-3527-499F-9076-CD847AAB9366}.Release|x64.Build.0 = Release|x64
		{E05EE334-3527-499F-9076-CD847AAB9366}.Release|x86.ActiveCfg = Release|Win32
		{E05EE334-3527-499F-9076-CD847AAB9366}.Release|x86.Build.0 = Release|Win32
		{0DD3C653-8CC5-4778-8928-BEE0AA51AC9F}.Debug|Any CPU.ActiveCfg = Debug|x64
		{0DD3C653-8CC5-4778-8928-BEE0AA51AC9F}.Debug|Any CPU.Build.0 = Debug|x64
		{0DD3C653-8CC5-4778-8928-BEE0AA51AC9F}.Debug|x64.ActiveCfg = Debug|x64
		{0DD3C653-8CC5-4778-8928-BEE0AA51AC9F}.Debug|x64.Build.0 = Debug|x64
		{0DD3C653-8CC5-4778-8928-BEE0AA51AC9F}.Debug|x86.ActiveCfg = Debug|Win32
		{0DD3C653-8CC5-4778-8928-BEE0AA51AC9F}.Debug|x86.Build.0 = Debug|Win32
		{0DD3C653-8CC5-4778-8928-BEE0AA51AC9F}.Release|Any CPU.ActiveCfg = Release|x64
		{0DD3C653-8CC5-4778-8928-BEE0AA51AC9F}.Release|Any CPU.Build.0 = Release|x64
		{0DD3C653-8CC5-4778-8928-BEE0AA51AC9F}.Release|x64.ActiveCfg = Release|x64
		{0DD3C653-8CC5-4778-8928-BEE0AA51AC9F}.Release|x64.Build.0 = Release|x64
		{0DD3C653-8CC5-4778-8928-BEE0AA51AC9F}.Release|x86.ActiveCfg = Release|Win32
		{0DD3C653-8CC5-4778-8928-BEE0AA51AC9F}.Release|x86.Build.0 = Release|Win32
		{013FDED0-6126-48A7-87A1-2675B0E8304F}.Debug|Any CPU.ActiveCfg = Debug|Any CPU
		{013FDED0-6126-48A7-87A1-2675B0E8304F}.Debug|Any CPU.Build.0 = Debug|Any CPU
		{013FDED0-6126-48A7-87A1-2675B0E8304F}.Debug|x64.ActiveCfg = Debug|Any CPU
		{013FDED0-6126-48A7-87A1-2675B0E8304F}.Debug|x64.Build.0 = Debug|Any CPU
		{013FDED0-6126-48A7-87A1-2675B0E8304F}.Debug|x86.ActiveCfg = Debug|Any CPU
		{013FDED0-6126-48A7-87A1-2675B0E8304F}.Debug|x86.Build.0 = Debug|Any CPU
		{013FDED0-6126-48A7-87A1-2675B0E8304F}.Release|Any CPU.ActiveCfg = Release|Any CPU
		{013FDED0-6126-48A7-87A1-2675B0E8304F}.Release|Any CPU.Build.0 = Release|Any CPU
		{013FDED0-6126-48A7-87A1-2675B0E8304F}.Release|x64.ActiveCfg = Release|Any CPU
		{013FDED0-6126-48A7-87A1-2675B0E8304F}.Release|x64.Build.0 = Release|Any CPU
		{013FDED0-6126-48A7-87A1-2675B0E8304F}.Release|x86.ActiveCfg = Release|Any CPU
		{013FDED0-6126-48A7-87A1-2675B0E8304F}.Release|x86.Build.0 = Release|Any CPU
	EndGlobalSection
	GlobalSection(SolutionProperties) = preSolution
		HideSolutionNode = FALSE
	EndGlobalSection
	GlobalSection(ExtensibilityGlobals) = postSolution
		SolutionGuid = {B7B60FCC-96FF-43D4-A21C-C2014B0C0709}
	EndGlobalSection
EndGlobal
